// !$*UTF8*$!
{
	archiveVersion = 1;
	classes = {
	};
	objectVersion = 48;
	objects = {

/* Begin PBXBuildFile section */
		07BD688B2095C88B004AFDA2 /* AppDelegate.swift in Sources */ = {isa = PBXBuildFile; fileRef = 07BD688A2095C88B004AFDA2 /* AppDelegate.swift */; };
		07BD688D2095C88B004AFDA2 /* SearchListViewController.swift in Sources */ = {isa = PBXBuildFile; fileRef = 07BD688C2095C88B004AFDA2 /* SearchListViewController.swift */; };
		07BD68902095C88B004AFDA2 /* Main.storyboard in Resources */ = {isa = PBXBuildFile; fileRef = 07BD688E2095C88B004AFDA2 /* Main.storyboard */; };
		07BD68922095C88B004AFDA2 /* Assets.xcassets in Resources */ = {isa = PBXBuildFile; fileRef = 07BD68912095C88B004AFDA2 /* Assets.xcassets */; };
		07BD68952095C88B004AFDA2 /* LaunchScreen.storyboard in Resources */ = {isa = PBXBuildFile; fileRef = 07BD68932095C88B004AFDA2 /* LaunchScreen.storyboard */; };
		07BD689E2095CE02004AFDA2 /* SearchListTableViewCell.swift in Sources */ = {isa = PBXBuildFile; fileRef = 07BD689C2095CE02004AFDA2 /* SearchListTableViewCell.swift */; };
		07BD689F2095CE02004AFDA2 /* SearchListTableViewCell.xib in Resources */ = {isa = PBXBuildFile; fileRef = 07BD689D2095CE02004AFDA2 /* SearchListTableViewCell.xib */; };
		07BD68A12095D12D004AFDA2 /* CompanyResponse.swift in Sources */ = {isa = PBXBuildFile; fileRef = 07BD68A02095D12D004AFDA2 /* CompanyResponse.swift */; };
		07BD68A32095DA56004AFDA2 /* SessionRx.swift in Sources */ = {isa = PBXBuildFile; fileRef = 07BD68A22095DA56004AFDA2 /* SessionRx.swift */; };
		07BD68A52095DBAB004AFDA2 /* CompanyRequest.swift in Sources */ = {isa = PBXBuildFile; fileRef = 07BD68A42095DBAB004AFDA2 /* CompanyRequest.swift */; };
		07BD68A72095E106004AFDA2 /* SearchListViewModel.swift in Sources */ = {isa = PBXBuildFile; fileRef = 07BD68A62095E106004AFDA2 /* SearchListViewModel.swift */; };
		F9607F0FB25AB44DA3A16039 /* Pods_NewWantedly.framework in Frameworks */ = {isa = PBXBuildFile; fileRef = 68C5D8197D9358D0DF187AD4 /* Pods_NewWantedly.framework */; };
/* End PBXBuildFile section */

/* Begin PBXFileReference section */
		07BD68872095C88B004AFDA2 /* NewWantedly.app */ = {isa = PBXFileReference; explicitFileType = wrapper.application; includeInIndex = 0; path = NewWantedly.app; sourceTree = BUILT_PRODUCTS_DIR; };
		07BD688A2095C88B004AFDA2 /* AppDelegate.swift */ = {isa = PBXFileReference; lastKnownFileType = sourcecode.swift; path = AppDelegate.swift; sourceTree = "<group>"; };
		07BD688C2095C88B004AFDA2 /* SearchListViewController.swift */ = {isa = PBXFileReference; lastKnownFileType = sourcecode.swift; path = SearchListViewController.swift; sourceTree = "<group>"; };
		07BD688F2095C88B004AFDA2 /* Base */ = {isa = PBXFileReference; lastKnownFileType = file.storyboard; name = Base; path = Base.lproj/Main.storyboard; sourceTree = "<group>"; };
		07BD68912095C88B004AFDA2 /* Assets.xcassets */ = {isa = PBXFileReference; lastKnownFileType = folder.assetcatalog; path = Assets.xcassets; sourceTree = "<group>"; };
		07BD68942095C88B004AFDA2 /* Base */ = {isa = PBXFileReference; lastKnownFileType = file.storyboard; name = Base; path = Base.lproj/LaunchScreen.storyboard; sourceTree = "<group>"; };
		07BD68962095C88B004AFDA2 /* Info.plist */ = {isa = PBXFileReference; lastKnownFileType = text.plist.xml; path = Info.plist; sourceTree = "<group>"; };
		07BD689C2095CE02004AFDA2 /* SearchListTableViewCell.swift */ = {isa = PBXFileReference; lastKnownFileType = sourcecode.swift; path = SearchListTableViewCell.swift; sourceTree = "<group>"; };
		07BD689D2095CE02004AFDA2 /* SearchListTableViewCell.xib */ = {isa = PBXFileReference; lastKnownFileType = file.xib; path = SearchListTableViewCell.xib; sourceTree = "<group>"; };
		07BD68A02095D12D004AFDA2 /* CompanyResponse.swift */ = {isa = PBXFileReference; lastKnownFileType = sourcecode.swift; path = CompanyResponse.swift; sourceTree = "<group>"; };
		07BD68A22095DA56004AFDA2 /* SessionRx.swift */ = {isa = PBXFileReference; lastKnownFileType = sourcecode.swift; path = SessionRx.swift; sourceTree = "<group>"; };
		07BD68A42095DBAB004AFDA2 /* CompanyRequest.swift */ = {isa = PBXFileReference; lastKnownFileType = sourcecode.swift; path = CompanyRequest.swift; sourceTree = "<group>"; };
		07BD68A62095E106004AFDA2 /* SearchListViewModel.swift */ = {isa = PBXFileReference; lastKnownFileType = sourcecode.swift; path = SearchListViewModel.swift; sourceTree = "<group>"; };
		180C7E82D7FB6E3048867CCD /* Pods-NewWantedly.debug.xcconfig */ = {isa = PBXFileReference; includeInIndex = 1; lastKnownFileType = text.xcconfig; name = "Pods-NewWantedly.debug.xcconfig"; path = "Pods/Target Support Files/Pods-NewWantedly/Pods-NewWantedly.debug.xcconfig"; sourceTree = "<group>"; };
		2E65AC68720FA4016645C4CB /* Pods-NewWantedly.release.xcconfig */ = {isa = PBXFileReference; includeInIndex = 1; lastKnownFileType = text.xcconfig; name = "Pods-NewWantedly.release.xcconfig"; path = "Pods/Target Support Files/Pods-NewWantedly/Pods-NewWantedly.release.xcconfig"; sourceTree = "<group>"; };
		68C5D8197D9358D0DF187AD4 /* Pods_NewWantedly.framework */ = {isa = PBXFileReference; explicitFileType = wrapper.framework; includeInIndex = 0; path = Pods_NewWantedly.framework; sourceTree = BUILT_PRODUCTS_DIR; };
/* End PBXFileReference section */

/* Begin PBXFrameworksBuildPhase section */
		07BD68842095C88B004AFDA2 /* Frameworks */ = {
			isa = PBXFrameworksBuildPhase;
			buildActionMask = 2147483647;
			files = (
				F9607F0FB25AB44DA3A16039 /* Pods_NewWantedly.framework in Frameworks */,
			);
			runOnlyForDeploymentPostprocessing = 0;
		};
/* End PBXFrameworksBuildPhase section */

/* Begin PBXGroup section */
		07BD687E2095C88A004AFDA2 = {
			isa = PBXGroup;
			children = (
				07BD68892095C88B004AFDA2 /* NewWantedly */,
				07BD68882095C88B004AFDA2 /* Products */,
				442B83F2E6070520CA18AE27 /* Pods */,
				0E57F7848D27F4DB6C3FCD10 /* Frameworks */,
			);
			sourceTree = "<group>";
		};
		07BD68882095C88B004AFDA2 /* Products */ = {
			isa = PBXGroup;
			children = (
				07BD68872095C88B004AFDA2 /* NewWantedly.app */,
			);
			name = Products;
			sourceTree = "<group>";
		};
		07BD68892095C88B004AFDA2 /* NewWantedly */ = {
			isa = PBXGroup;
			children = (
				07BD688A2095C88B004AFDA2 /* AppDelegate.swift */,
				07BD688C2095C88B004AFDA2 /* SearchListViewController.swift */,
				07BD688E2095C88B004AFDA2 /* Main.storyboard */,
				07BD68912095C88B004AFDA2 /* Assets.xcassets */,
				07BD68932095C88B004AFDA2 /* LaunchScreen.storyboard */,
				07BD68962095C88B004AFDA2 /* Info.plist */,
				07BD689C2095CE02004AFDA2 /* SearchListTableViewCell.swift */,
				07BD689D2095CE02004AFDA2 /* SearchListTableViewCell.xib */,
				07BD68A02095D12D004AFDA2 /* CompanyResponse.swift */,
				07BD68A22095DA56004AFDA2 /* SessionRx.swift */,
				07BD68A42095DBAB004AFDA2 /* CompanyRequest.swift */,
				07BD68A62095E106004AFDA2 /* SearchListViewModel.swift */,
			);
			path = NewWantedly;
			sourceTree = "<group>";
		};
		0E57F7848D27F4DB6C3FCD10 /* Frameworks */ = {
			isa = PBXGroup;
			children = (
				68C5D8197D9358D0DF187AD4 /* Pods_NewWantedly.framework */,
			);
			name = Frameworks;
			sourceTree = "<group>";
		};
		442B83F2E6070520CA18AE27 /* Pods */ = {
			isa = PBXGroup;
			children = (
				180C7E82D7FB6E3048867CCD /* Pods-NewWantedly.debug.xcconfig */,
				2E65AC68720FA4016645C4CB /* Pods-NewWantedly.release.xcconfig */,
			);
			name = Pods;
			sourceTree = "<group>";
		};
/* End PBXGroup section */

/* Begin PBXNativeTarget section */
		07BD68862095C88B004AFDA2 /* NewWantedly */ = {
			isa = PBXNativeTarget;
			buildConfigurationList = 07BD68992095C88B004AFDA2 /* Build configuration list for PBXNativeTarget "NewWantedly" */;
			buildPhases = (
				18ACAC659B10502778997B0F /* [CP] Check Pods Manifest.lock */,
				07BD68832095C88B004AFDA2 /* Sources */,
				07BD68842095C88B004AFDA2 /* Frameworks */,
				07BD68852095C88B004AFDA2 /* Resources */,
				D516F8FB929AC2EA0FA27626 /* [CP] Embed Pods Frameworks */,
				F37B5CC615E62CDFBF0C26F5 /* [CP] Copy Pods Resources */,
			);
			buildRules = (
			);
			dependencies = (
			);
			name = NewWantedly;
			productName = NewWantedly;
			productReference = 07BD68872095C88B004AFDA2 /* NewWantedly.app */;
			productType = "com.apple.product-type.application";
		};
/* End PBXNativeTarget section */

/* Begin PBXProject section */
		07BD687F2095C88A004AFDA2 /* Project object */ = {
			isa = PBXProject;
			attributes = {
				LastSwiftUpdateCheck = 0920;
				LastUpgradeCheck = 0920;
				ORGANIZATIONNAME = HideakiTouhara;
				TargetAttributes = {
					07BD68862095C88B004AFDA2 = {
						CreatedOnToolsVersion = 9.2;
						ProvisioningStyle = Automatic;
					};
				};
			};
			buildConfigurationList = 07BD68822095C88B004AFDA2 /* Build configuration list for PBXProject "NewWantedly" */;
			compatibilityVersion = "Xcode 8.0";
			developmentRegion = en;
			hasScannedForEncodings = 0;
			knownRegions = (
				en,
				Base,
			);
			mainGroup = 07BD687E2095C88A004AFDA2;
			productRefGroup = 07BD68882095C88B004AFDA2 /* Products */;
			projectDirPath = "";
			projectRoot = "";
			targets = (
				07BD68862095C88B004AFDA2 /* NewWantedly */,
			);
		};
/* End PBXProject section */

/* Begin PBXResourcesBuildPhase section */
		07BD68852095C88B004AFDA2 /* Resources */ = {
			isa = PBXResourcesBuildPhase;
			buildActionMask = 2147483647;
			files = (
				07BD68952095C88B004AFDA2 /* LaunchScreen.storyboard in Resources */,
				07BD689F2095CE02004AFDA2 /* SearchListTableViewCell.xib in Resources */,
				07BD68922095C88B004AFDA2 /* Assets.xcassets in Resources */,
				07BD68902095C88B004AFDA2 /* Main.storyboard in Resources */,
			);
			runOnlyForDeploymentPostprocessing = 0;
		};
/* End PBXResourcesBuildPhase section */

/* Begin PBXShellScriptBuildPhase section */
		18ACAC659B10502778997B0F /* [CP] Check Pods Manifest.lock */ = {
			isa = PBXShellScriptBuildPhase;
			buildActionMask = 2147483647;
			files = (
			);
			inputPaths = (
				"${PODS_PODFILE_DIR_PATH}/Podfile.lock",
				"${PODS_ROOT}/Manifest.lock",
			);
			name = "[CP] Check Pods Manifest.lock";
			outputPaths = (
				"$(DERIVED_FILE_DIR)/Pods-NewWantedly-checkManifestLockResult.txt",
			);
			runOnlyForDeploymentPostprocessing = 0;
			shellPath = /bin/sh;
			shellScript = "diff \"${PODS_PODFILE_DIR_PATH}/Podfile.lock\" \"${PODS_ROOT}/Manifest.lock\" > /dev/null\nif [ $? != 0 ] ; then\n    # print error to STDERR\n    echo \"error: The sandbox is not in sync with the Podfile.lock. Run 'pod install' or update your CocoaPods installation.\" >&2\n    exit 1\nfi\n# This output is used by Xcode 'outputs' to avoid re-running this script phase.\necho \"SUCCESS\" > \"${SCRIPT_OUTPUT_FILE_0}\"\n";
			showEnvVarsInLog = 0;
		};
		D516F8FB929AC2EA0FA27626 /* [CP] Embed Pods Frameworks */ = {
			isa = PBXShellScriptBuildPhase;
			buildActionMask = 2147483647;
			files = (
			);
			inputPaths = (
				"${SRCROOT}/Pods/Target Support Files/Pods-NewWantedly/Pods-NewWantedly-frameworks.sh",
				"${BUILT_PRODUCTS_DIR}/APIKit/APIKit.framework",
				"${BUILT_PRODUCTS_DIR}/FLAnimatedImage/FLAnimatedImage.framework",
				"${BUILT_PRODUCTS_DIR}/PINCache/PINCache.framework",
				"${BUILT_PRODUCTS_DIR}/PINRemoteImage/PINRemoteImage.framework",
				"${BUILT_PRODUCTS_DIR}/Result/Result.framework",
				"${BUILT_PRODUCTS_DIR}/RxCocoa/RxCocoa.framework",
				"${BUILT_PRODUCTS_DIR}/RxSwift/RxSwift.framework",
			);
			name = "[CP] Embed Pods Frameworks";
			outputPaths = (
				"${TARGET_BUILD_DIR}/${FRAMEWORKS_FOLDER_PATH}/APIKit.framework",
				"${TARGET_BUILD_DIR}/${FRAMEWORKS_FOLDER_PATH}/FLAnimatedImage.framework",
				"${TARGET_BUILD_DIR}/${FRAMEWORKS_FOLDER_PATH}/PINCache.framework",
				"${TARGET_BUILD_DIR}/${FRAMEWORKS_FOLDER_PATH}/PINRemoteImage.framework",
				"${TARGET_BUILD_DIR}/${FRAMEWORKS_FOLDER_PATH}/Result.framework",
				"${TARGET_BUILD_DIR}/${FRAMEWORKS_FOLDER_PATH}/RxCocoa.framework",
				"${TARGET_BUILD_DIR}/${FRAMEWORKS_FOLDER_PATH}/RxSwift.framework",
			);
			runOnlyForDeploymentPostprocessing = 0;
			shellPath = /bin/sh;
			shellScript = "\"${SRCROOT}/Pods/Target Support Files/Pods-NewWantedly/Pods-NewWantedly-frameworks.sh\"\n";
			showEnvVarsInLog = 0;
		};
		F37B5CC615E62CDFBF0C26F5 /* [CP] Copy Pods Resources */ = {
			isa = PBXShellScriptBuildPhase;
			buildActionMask = 2147483647;
			files = (
			);
			inputPaths = (
			);
			name = "[CP] Copy Pods Resources";
			outputPaths = (
			);
			runOnlyForDeploymentPostprocessing = 0;
			shellPath = /bin/sh;
			shellScript = "\"${SRCROOT}/Pods/Target Support Files/Pods-NewWantedly/Pods-NewWantedly-resources.sh\"\n";
			showEnvVarsInLog = 0;
		};
/* End PBXShellScriptBuildPhase section */

/* Begin PBXSourcesBuildPhase section */
		07BD68832095C88B004AFDA2 /* Sources */ = {
			isa = PBXSourcesBuildPhase;
			buildActionMask = 2147483647;
			files = (
				07BD689E2095CE02004AFDA2 /* SearchListTableViewCell.swift in Sources */,
				07BD688D2095C88B004AFDA2 /* SearchListViewController.swift in Sources */,
				07BD68A32095DA56004AFDA2 /* SessionRx.swift in Sources */,
				07BD68A72095E106004AFDA2 /* SearchListViewModel.swift in Sources */,
				07BD68A52095DBAB004AFDA2 /* CompanyRequest.swift in Sources */,
				07BD68A12095D12D004AFDA2 /* CompanyResponse.swift in Sources */,
				07BD688B2095C88B004AFDA2 /* AppDelegate.swift in Sources */,
			);
			runOnlyForDeploymentPostprocessing = 0;
		};
/* End PBXSourcesBuildPhase section */

/* Begin PBXVariantGroup section */
		07BD688E2095C88B004AFDA2 /* Main.storyboard */ = {
			isa = PBXVariantGroup;
			children = (
				07BD688F2095C88B004AFDA2 /* Base */,
			);
			name = Main.storyboard;
			sourceTree = "<group>";
		};
		07BD68932095C88B004AFDA2 /* LaunchScreen.storyboard */ = {
			isa = PBXVariantGroup;
			children = (
				07BD68942095C88B004AFDA2 /* Base */,
			);
			name = LaunchScreen.storyboard;
			sourceTree = "<group>";
		};
/* End PBXVariantGroup section */

/* Begin XCBuildConfiguration section */
		07BD68972095C88B004AFDA2 /* Debug */ = {
			isa = XCBuildConfiguration;
			buildSettings = {
				ALWAYS_SEARCH_USER_PATHS = NO;
				CLANG_ANALYZER_NONNULL = YES;
				CLANG_ANALYZER_NUMBER_OBJECT_CONVERSION = YES_AGGRESSIVE;
				CLANG_CXX_LANGUAGE_STANDARD = "gnu++14";
				CLANG_CXX_LIBRARY = "libc++";
				CLANG_ENABLE_MODULES = YES;
				CLANG_ENABLE_OBJC_ARC = YES;
				CLANG_WARN_BLOCK_CAPTURE_AUTORELEASING = YES;
				CLANG_WARN_BOOL_CONVERSION = YES;
				CLANG_WARN_COMMA = YES;
				CLANG_WARN_CONSTANT_CONVERSION = YES;
				CLANG_WARN_DIRECT_OBJC_ISA_USAGE = YES_ERROR;
				CLANG_WARN_DOCUMENTATION_COMMENTS = YES;
				CLANG_WARN_EMPTY_BODY = YES;
				CLANG_WARN_ENUM_CONVERSION = YES;
				CLANG_WARN_INFINITE_RECURSION = YES;
				CLANG_WARN_INT_CONVERSION = YES;
				CLANG_WARN_NON_LITERAL_NULL_CONVERSION = YES;
				CLANG_WARN_OBJC_LITERAL_CONVERSION = YES;
				CLANG_WARN_OBJC_ROOT_CLASS = YES_ERROR;
				CLANG_WARN_RANGE_LOOP_ANALYSIS = YES;
				CLANG_WARN_STRICT_PROTOTYPES = YES;
				CLANG_WARN_SUSPICIOUS_MOVE = YES;
				CLANG_WARN_UNGUARDED_AVAILABILITY = YES_AGGRESSIVE;
				CLANG_WARN_UNREACHABLE_CODE = YES;
				CLANG_WARN__DUPLICATE_METHOD_MATCH = YES;
				CODE_SIGN_IDENTITY = "iPhone Developer";
				COPY_PHASE_STRIP = NO;
				DEBUG_INFORMATION_FORMAT = dwarf;
				ENABLE_STRICT_OBJC_MSGSEND = YES;
				ENABLE_TESTABILITY = YES;
				GCC_C_LANGUAGE_STANDARD = gnu11;
				GCC_DYNAMIC_NO_PIC = NO;
				GCC_NO_COMMON_BLOCKS = YES;
				GCC_OPTIMIZATION_LEVEL = 0;
				GCC_PREPROCESSOR_DEFINITIONS = (
					"DEBUG=1",
					"$(inherited)",
				);
				GCC_WARN_64_TO_32_BIT_CONVERSION = YES;
				GCC_WARN_ABOUT_RETURN_TYPE = YES_ERROR;
				GCC_WARN_UNDECLARED_SELECTOR = YES;
				GCC_WARN_UNINITIALIZED_AUTOS = YES_AGGRESSIVE;
				GCC_WARN_UNUSED_FUNCTION = YES;
				GCC_WARN_UNUSED_VARIABLE = YES;
				IPHONEOS_DEPLOYMENT_TARGET = 11.2;
				MTL_ENABLE_DEBUG_INFO = YES;
				ONLY_ACTIVE_ARCH = YES;
				SDKROOT = iphoneos;
				SWIFT_ACTIVE_COMPILATION_CONDITIONS = DEBUG;
				SWIFT_OPTIMIZATION_LEVEL = "-Onone";
			};
			name = Debug;
		};
		07BD68982095C88B004AFDA2 /* Release */ = {
			isa = XCBuildConfiguration;
			buildSettings = {
				ALWAYS_SEARCH_USER_PATHS = NO;
				CLANG_ANALYZER_NONNULL = YES;
				CLANG_ANALYZER_NUMBER_OBJECT_CONVERSION = YES_AGGRESSIVE;
				CLANG_CXX_LANGUAGE_STANDARD = "gnu++14";
				CLANG_CXX_LIBRARY = "libc++";
				CLANG_ENABLE_MODULES = YES;
				CLANG_ENABLE_OBJC_ARC = YES;
				CLANG_WARN_BLOCK_CAPTURE_AUTORELEASING = YES;
				CLANG_WARN_BOOL_CONVERSION = YES;
				CLANG_WARN_COMMA = YES;
				CLANG_WARN_CONSTANT_CONVERSION = YES;
				CLANG_WARN_DIRECT_OBJC_ISA_USAGE = YES_ERROR;
				CLANG_WARN_DOCUMENTATION_COMMENTS = YES;
				CLANG_WARN_EMPTY_BODY = YES;
				CLANG_WARN_ENUM_CONVERSION = YES;
				CLANG_WARN_INFINITE_RECURSION = YES;
				CLANG_WARN_INT_CONVERSION = YES;
				CLANG_WARN_NON_LITERAL_NULL_CONVERSION = YES;
				CLANG_WARN_OBJC_LITERAL_CONVERSION = YES;
				CLANG_WARN_OBJC_ROOT_CLASS = YES_ERROR;
				CLANG_WARN_RANGE_LOOP_ANALYSIS = YES;
				CLANG_WARN_STRICT_PROTOTYPES = YES;
				CLANG_WARN_SUSPICIOUS_MOVE = YES;
				CLANG_WARN_UNGUARDED_AVAILABILITY = YES_AGGRESSIVE;
				CLANG_WARN_UNREACHABLE_CODE = YES;
				CLANG_WARN__DUPLICATE_METHOD_MATCH = YES;
				CODE_SIGN_IDENTITY = "iPhone Developer";
				COPY_PHASE_STRIP = NO;
				DEBUG_INFORMATION_FORMAT = "dwarf-with-dsym";
				ENABLE_NS_ASSERTIONS = NO;
				ENABLE_STRICT_OBJC_MSGSEND = YES;
				GCC_C_LANGUAGE_STANDARD = gnu11;
				GCC_NO_COMMON_BLOCKS = YES;
				GCC_WARN_64_TO_32_BIT_CONVERSION = YES;
				GCC_WARN_ABOUT_RETURN_TYPE = YES_ERROR;
				GCC_WARN_UNDECLARED_SELECTOR = YES;
				GCC_WARN_UNINITIALIZED_AUTOS = YES_AGGRESSIVE;
				GCC_WARN_UNUSED_FUNCTION = YES;
				GCC_WARN_UNUSED_VARIABLE = YES;
				IPHONEOS_DEPLOYMENT_TARGET = 11.2;
				MTL_ENABLE_DEBUG_INFO = NO;
				SDKROOT = iphoneos;
				SWIFT_OPTIMIZATION_LEVEL = "-Owholemodule";
				VALIDATE_PRODUCT = YES;
			};
			name = Release;
		};
		07BD689A2095C88B004AFDA2 /* Debug */ = {
			isa = XCBuildConfiguration;
			baseConfigurationReference = 180C7E82D7FB6E3048867CCD /* Pods-NewWantedly.debug.xcconfig */;
			buildSettings = {
				ASSETCATALOG_COMPILER_APPICON_NAME = AppIcon;
				CODE_SIGN_STYLE = Automatic;
				DEVELOPMENT_TEAM = QG4UUMT2SM;
				INFOPLIST_FILE = NewWantedly/Info.plist;
				LD_RUNPATH_SEARCH_PATHS = "$(inherited) @executable_path/Frameworks";
				PRODUCT_BUNDLE_IDENTIFIER = "com.-HideakiTouhara.NewWantedly";
				PRODUCT_NAME = "$(TARGET_NAME)";
				SWIFT_VERSION = 4.0;
				TARGETED_DEVICE_FAMILY = "1,2";
			};
			name = Debug;
		};
		07BD689B2095C88B004AFDA2 /* Release */ = {
			isa = XCBuildConfiguration;
			baseConfigurationReference = 2E65AC68720FA4016645C4CB /* Pods-NewWantedly.release.xcconfig */;
			buildSettings = {
				ASSETCATALOG_COMPILER_APPICON_NAME = AppIcon;
				CODE_SIGN_STYLE = Automatic;
				DEVELOPMENT_TEAM = QG4UUMT2SM;
				INFOPLIST_FILE = NewWantedly/Info.plist;
				LD_RUNPATH_SEARCH_PATHS = "$(inherited) @executable_path/Frameworks";
				PRODUCT_BUNDLE_IDENTIFIER = "com.-HideakiTouhara.NewWantedly";
				PRODUCT_NAME = "$(TARGET_NAME)";
				SWIFT_VERSION = 4.0;
				TARGETED_DEVICE_FAMILY = "1,2";
			};
			name = Release;
		};
/* End XCBuildConfiguration section */

/* Begin XCConfigurationList section */
		07BD68822095C88B004AFDA2 /* Build configuration list for PBXProject "NewWantedly" */ = {
			isa = XCConfigurationList;
			buildConfigurations = (
				07BD68972095C88B004AFDA2 /* Debug */,
				07BD68982095C88B004AFDA2 /* Release */,
			);
			defaultConfigurationIsVisible = 0;
			defaultConfigurationName = Release;
		};
		07BD68992095C88B004AFDA2 /* Build configuration list for PBXNativeTarget "NewWantedly" */ = {
			isa = XCConfigurationList;
			buildConfigurations = (
				07BD689A2095C88B004AFDA2 /* Debug */,
				07BD689B2095C88B004AFDA2 /* Release */,
			);
			defaultConfigurationIsVisible = 0;
			defaultConfigurationName = Release;
		};
/* End XCConfigurationList section */
	};
	rootObject = 07BD687F2095C88A004AFDA2 /* Project object */;
}
